// !$*UTF8*$!
{
	archiveVersion = 1;
	classes = {
	};
	objectVersion = 50;
	objects = {

/* Begin PBXBuildFile section */
		AD20780721FC48DB00CEF3B6 /* AppDelegate.swift in Sources */ = {isa = PBXBuildFile; fileRef = AD20780621FC48DB00CEF3B6 /* AppDelegate.swift */; };
		AD20780921FC48DB00CEF3B6 /* ViewController.swift in Sources */ = {isa = PBXBuildFile; fileRef = AD20780821FC48DB00CEF3B6 /* ViewController.swift */; };
		AD20780C21FC48DB00CEF3B6 /* Main.storyboard in Resources */ = {isa = PBXBuildFile; fileRef = AD20780A21FC48DB00CEF3B6 /* Main.storyboard */; };
		AD20780E21FC48DD00CEF3B6 /* Assets.xcassets in Resources */ = {isa = PBXBuildFile; fileRef = AD20780D21FC48DD00CEF3B6 /* Assets.xcassets */; };
		AD20781121FC48DD00CEF3B6 /* LaunchScreen.storyboard in Resources */ = {isa = PBXBuildFile; fileRef = AD20780F21FC48DD00CEF3B6 /* LaunchScreen.storyboard */; };
		AD20781A21FC496300CEF3B6 /* Redux.swift in Sources */ = {isa = PBXBuildFile; fileRef = AD20781921FC496300CEF3B6 /* Redux.swift */; };
/* End PBXBuildFile section */

/* Begin PBXFileReference section */
		AD20780321FC48DB00CEF3B6 /* Elf.app */ = {isa = PBXFileReference; explicitFileType = wrapper.application; includeInIndex = 0; path = Elf.app; sourceTree = BUILT_PRODUCTS_DIR; };
		AD20780621FC48DB00CEF3B6 /* AppDelegate.swift */ = {isa = PBXFileReference; lastKnownFileType = sourcecode.swift; path = AppDelegate.swift; sourceTree = "<group>"; };
		AD20780821FC48DB00CEF3B6 /* ViewController.swift */ = {isa = PBXFileReference; lastKnownFileType = sourcecode.swift; path = ViewController.swift; sourceTree = "<group>"; };
		AD20780B21FC48DB00CEF3B6 /* Base */ = {isa = PBXFileReference; lastKnownFileType = file.storyboard; name = Base; path = Base.lproj/Main.storyboard; sourceTree = "<group>"; };
		AD20780D21FC48DD00CEF3B6 /* Assets.xcassets */ = {isa = PBXFileReference; lastKnownFileType = folder.assetcatalog; path = Assets.xcassets; sourceTree = "<group>"; };
		AD20781021FC48DD00CEF3B6 /* Base */ = {isa = PBXFileReference; lastKnownFileType = file.storyboard; name = Base; path = Base.lproj/LaunchScreen.storyboard; sourceTree = "<group>"; };
		AD20781221FC48DD00CEF3B6 /* Info.plist */ = {isa = PBXFileReference; lastKnownFileType = text.plist.xml; path = Info.plist; sourceTree = "<group>"; };
		AD20781921FC496300CEF3B6 /* Redux.swift */ = {isa = PBXFileReference; lastKnownFileType = sourcecode.swift; path = Redux.swift; sourceTree = "<group>"; };
/* End PBXFileReference section */

/* Begin PBXFrameworksBuildPhase section */
		AD20780021FC48DB00CEF3B6 /* Frameworks */ = {
			isa = PBXFrameworksBuildPhase;
			buildActionMask = 2147483647;
			files = (
			);
			runOnlyForDeploymentPostprocessing = 0;
		};
/* End PBXFrameworksBuildPhase section */

/* Begin PBXGroup section */
		AD2077FA21FC48DB00CEF3B6 = {
			isa = PBXGroup;
			children = (
				AD20780521FC48DB00CEF3B6 /* Elf */,
				AD20780421FC48DB00CEF3B6 /* Products */,
			);
			sourceTree = "<group>";
		};
		AD20780421FC48DB00CEF3B6 /* Products */ = {
			isa = PBXGroup;
			children = (
				AD20780321FC48DB00CEF3B6 /* Elf.app */,
			);
			name = Products;
			sourceTree = "<group>";
		};
		AD20780521FC48DB00CEF3B6 /* Elf */ = {
			isa = PBXGroup;
			children = (
				AD20781821FC494200CEF3B6 /* protocols */,
				AD20780621FC48DB00CEF3B6 /* AppDelegate.swift */,
				AD20780821FC48DB00CEF3B6 /* ViewController.swift */,
				AD20780A21FC48DB00CEF3B6 /* Main.storyboard */,
				AD20780D21FC48DD00CEF3B6 /* Assets.xcassets */,
				AD20780F21FC48DD00CEF3B6 /* LaunchScreen.storyboard */,
				AD20781221FC48DD00CEF3B6 /* Info.plist */,
			);
			path = Elf;
			sourceTree = "<group>";
		};
		AD20781821FC494200CEF3B6 /* protocols */ = {
			isa = PBXGroup;
			children = (
				AD20781921FC496300CEF3B6 /* Redux.swift */,
			);
			path = protocols;
			sourceTree = "<group>";
		};
/* End PBXGroup section */

/* Begin PBXNativeTarget section */
		AD20780221FC48DB00CEF3B6 /* Elf */ = {
			isa = PBXNativeTarget;
			buildConfigurationList = AD20781521FC48DD00CEF3B6 /* Build configuration list for PBXNativeTarget "Elf" */;
			buildPhases = (
				AD2077FF21FC48DB00CEF3B6 /* Sources */,
				AD20780021FC48DB00CEF3B6 /* Frameworks */,
				AD20780121FC48DB00CEF3B6 /* Resources */,
			);
			buildRules = (
			);
			dependencies = (
			);
			name = Elf;
			productName = Elf;
			productReference = AD20780321FC48DB00CEF3B6 /* Elf.app */;
			productType = "com.apple.product-type.application";
		};
/* End PBXNativeTarget section */

/* Begin PBXProject section */
		AD2077FB21FC48DB00CEF3B6 /* Project object */ = {
			isa = PBXProject;
			attributes = {
				LastSwiftUpdateCheck = 1000;
				LastUpgradeCheck = 1000;
				ORGANIZATIONNAME = JimLai;
				TargetAttributes = {
					AD20780221FC48DB00CEF3B6 = {
						CreatedOnToolsVersion = 10.0;
					};
				};
			};
			buildConfigurationList = AD2077FE21FC48DB00CEF3B6 /* Build configuration list for PBXProject "Elf" */;
			compatibilityVersion = "Xcode 9.3";
			developmentRegion = en;
			hasScannedForEncodings = 0;
			knownRegions = (
				en,
				Base,
			);
			mainGroup = AD2077FA21FC48DB00CEF3B6;
			productRefGroup = AD20780421FC48DB00CEF3B6 /* Products */;
			projectDirPath = "";
			projectRoot = "";
			targets = (
				AD20780221FC48DB00CEF3B6 /* Elf */,
			);
		};
/* End PBXProject section */

/* Begin PBXResourcesBuildPhase section */
		AD20780121FC48DB00CEF3B6 /* Resources */ = {
			isa = PBXResourcesBuildPhase;
			buildActionMask = 2147483647;
			files = (
				AD20781121FC48DD00CEF3B6 /* LaunchScreen.storyboard in Resources */,
				AD20780E21FC48DD00CEF3B6 /* Assets.xcassets in Resources */,
				AD20780C21FC48DB00CEF3B6 /* Main.storyboard in Resources */,
			);
			runOnlyForDeploymentPostprocessing = 0;
		};
/* End PBXResourcesBuildPhase section */

/* Begin PBXSourcesBuildPhase section */
		AD2077FF21FC48DB00CEF3B6 /* Sources */ = {
			isa = PBXSourcesBuildPhase;
			buildActionMask = 2147483647;
			files = (
				AD20780921FC48DB00CEF3B6 /* ViewController.swift in Sources */,
				AD20780721FC48DB00CEF3B6 /* AppDelegate.swift in Sources */,
				AD20781A21FC496300CEF3B6 /* Redux.swift in Sources */,
			);
			runOnlyForDeploymentPostprocessing = 0;
		};
/* End PBXSourcesBuildPhase section */

/* Begin PBXVariantGroup section */
		AD20780A21FC48DB00CEF3B6 /* Main.storyboard */ = {
			isa = PBXVariantGroup;
			children = (
				AD20780B21FC48DB00CEF3B6 /* Base */,
			);
			name = Main.storyboard;
			sourceTree = "<group>";
		};
		AD20780F21FC48DD00CEF3B6 /* LaunchScreen.storyboard */ = {
			isa = PBXVariantGroup;
			children = (
				AD20781021FC48DD00CEF3B6 /* Base */,
			);
			name = LaunchScreen.storyboard;
			sourceTree = "<group>";
		};
/* End PBXVariantGroup section */

/* Begin XCBuildConfiguration section */
		AD20781321FC48DD00CEF3B6 /* Debug */ = {
			isa = XCBuildConfiguration;
			buildSettings = {
				ALWAYS_SEARCH_USER_PATHS = NO;
				CLANG_ANALYZER_NONNULL = YES;
				CLANG_ANALYZER_NUMBER_OBJECT_CONVERSION = YES_AGGRESSIVE;
				CLANG_CXX_LANGUAGE_STANDARD = "gnu++14";
				CLANG_CXX_LIBRARY = "libc++";
				CLANG_ENABLE_MODULES = YES;
				CLANG_ENABLE_OBJC_ARC = YES;
				CLANG_ENABLE_OBJC_WEAK = YES;
				CLANG_WARN_BLOCK_CAPTURE_AUTORELEASING = YES;
				CLANG_WARN_BOOL_CONVERSION = YES;
				CLANG_WARN_COMMA = YES;
				CLANG_WARN_CONSTANT_CONVERSION = YES;
				CLANG_WARN_DEPRECATED_OBJC_IMPLEMENTATIONS = YES;
				CLANG_WARN_DIRECT_OBJC_ISA_USAGE = YES_ERROR;
				CLANG_WARN_DOCUMENTATION_COMMENTS = YES;
				CLANG_WARN_EMPTY_BODY = YES;
				CLANG_WARN_ENUM_CONVERSION = YES;
				CLANG_WARN_INFINITE_RECURSION = YES;
				CLANG_WARN_INT_CONVERSION = YES;
				CLANG_WARN_NON_LITERAL_NULL_CONVERSION = YES;
				CLANG_WARN_OBJC_IMPLICIT_RETAIN_SELF = YES;
				CLANG_WARN_OBJC_LITERAL_CONVERSION = YES;
				CLANG_WARN_OBJC_ROOT_CLASS = YES_ERROR;
				CLANG_WARN_RANGE_LOOP_ANALYSIS = YES;
				CLANG_WARN_STRICT_PROTOTYPES = YES;
				CLANG_WARN_SUSPICIOUS_MOVE = YES;
				CLANG_WARN_UNGUARDED_AVAILABILITY = YES_AGGRESSIVE;
				CLANG_WARN_UNREACHABLE_CODE = YES;
				CLANG_WARN__DUPLICATE_METHOD_MATCH = YES;
				CODE_SIGN_IDENTITY = "iPhone Developer";
				COPY_PHASE_STRIP = NO;
				DEBUG_INFORMATION_FORMAT = dwarf;
				ENABLE_STRICT_OBJC_MSGSEND = YES;
				ENABLE_TESTABILITY = YES;
				GCC_C_LANGUAGE_STANDARD = gnu11;
				GCC_DYNAMIC_NO_PIC = NO;
				GCC_NO_COMMON_BLOCKS = YES;
				GCC_OPTIMIZATION_LEVEL = 0;
				GCC_PREPROCESSOR_DEFINITIONS = (
					"DEBUG=1",
					"$(inherited)",
				);
				GCC_WARN_64_TO_32_BIT_CONVERSION = YES;
				GCC_WARN_ABOUT_RETURN_TYPE = YES_ERROR;
				GCC_WARN_UNDECLARED_SELECTOR = YES;
				GCC_WARN_UNINITIALIZED_AUTOS = YES_AGGRESSIVE;
				GCC_WARN_UNUSED_FUNCTION = YES;
				GCC_WARN_UNUSED_VARIABLE = YES;
				IPHONEOS_DEPLOYMENT_TARGET = 12.0;
				MTL_ENABLE_DEBUG_INFO = INCLUDE_SOURCE;
				MTL_FAST_MATH = YES;
				ONLY_ACTIVE_ARCH = YES;
				SDKROOT = iphoneos;
				SWIFT_ACTIVE_COMPILATION_CONDITIONS = DEBUG;
				SWIFT_OPTIMIZATION_LEVEL = "-Onone";
			};
			name = Debug;
		};
		AD20781421FC48DD00CEF3B6 /* Release */ = {
			isa = XCBuildConfiguration;
			buildSettings = {
				ALWAYS_SEARCH_USER_PATHS = NO;
				CLANG_ANALYZER_NONNULL = YES;
				CLANG_ANALYZER_NUMBER_OBJECT_CONVERSION = YES_AGGRESSIVE;
				CLANG_CXX_LANGUAGE_STANDARD = "gnu++14";
				CLANG_CXX_LIBRARY = "libc++";
				CLANG_ENABLE_MODULES = YES;
				CLANG_ENABLE_OBJC_ARC = YES;
				CLANG_ENABLE_OBJC_WEAK = YES;
				CLANG_WARN_BLOCK_CAPTURE_AUTORELEASING = YES;
				CLANG_WARN_BOOL_CONVERSION = YES;
				CLANG_WARN_COMMA = YES;
				CLANG_WARN_CONSTANT_CONVERSION = YES;
				CLANG_WARN_DEPRECATED_OBJC_IMPLEMENTATIONS = YES;
				CLANG_WARN_DIRECT_OBJC_ISA_USAGE = YES_ERROR;
				CLANG_WARN_DOCUMENTATION_COMMENTS = YES;
				CLANG_WARN_EMPTY_BODY = YES;
				CLANG_WARN_ENUM_CONVERSION = YES;
				CLANG_WARN_INFINITE_RECURSION = YES;
				CLANG_WARN_INT_CONVERSION = YES;
				CLANG_WARN_NON_LITERAL_NULL_CONVERSION = YES;
				CLANG_WARN_OBJC_IMPLICIT_RETAIN_SELF = YES;
				CLANG_WARN_OBJC_LITERAL_CONVERSION = YES;
				CLANG_WARN_OBJC_ROOT_CLASS = YES_ERROR;
				CLANG_WARN_RANGE_LOOP_ANALYSIS = YES;
				CLANG_WARN_STRICT_PROTOTYPES = YES;
				CLANG_WARN_SUSPICIOUS_MOVE = YES;
				CLANG_WARN_UNGUARDED_AVAILABILITY = YES_AGGRESSIVE;
				CLANG_WARN_UNREACHABLE_CODE = YES;
				CLANG_WARN__DUPLICATE_METHOD_MATCH = YES;
				CODE_SIGN_IDENTITY = "iPhone Developer";
				COPY_PHASE_STRIP = NO;
				DEBUG_INFORMATION_FORMAT = "dwarf-with-dsym";
				ENABLE_NS_ASSERTIONS = NO;
				ENABLE_STRICT_OBJC_MSGSEND = YES;
				GCC_C_LANGUAGE_STANDARD = gnu11;
				GCC_NO_COMMON_BLOCKS = YES;
				GCC_WARN_64_TO_32_BIT_CONVERSION = YES;
				GCC_WARN_ABOUT_RETURN_TYPE = YES_ERROR;
				GCC_WARN_UNDECLARED_SELECTOR = YES;
				GCC_WARN_UNINITIALIZED_AUTOS = YES_AGGRESSIVE;
				GCC_WARN_UNUSED_FUNCTION = YES;
				GCC_WARN_UNUSED_VARIABLE = YES;
				IPHONEOS_DEPLOYMENT_TARGET = 12.0;
				MTL_ENABLE_DEBUG_INFO = NO;
				MTL_FAST_MATH = YES;
				SDKROOT = iphoneos;
				SWIFT_COMPILATION_MODE = wholemodule;
				SWIFT_OPTIMIZATION_LEVEL = "-O";
				VALIDATE_PRODUCT = YES;
			};
			name = Release;
		};
		AD20781621FC48DD00CEF3B6 /* Debug */ = {
			isa = XCBuildConfiguration;
			buildSettings = {
				ASSETCATALOG_COMPILER_APPICON_NAME = AppIcon;
				CODE_SIGN_IDENTITY = "iPhone Developer";
				CODE_SIGN_STYLE = Automatic;
				DEVELOPMENT_TEAM = "";
				INFOPLIST_FILE = Elf/Info.plist;
				LD_RUNPATH_SEARCH_PATHS = (
					"$(inherited)",
					"@executable_path/Frameworks",
				);
				PRODUCT_BUNDLE_IDENTIFIER = silvermoon.Elf;
				PRODUCT_NAME = "$(TARGET_NAME)";
				PROVISIONING_PROFILE_SPECIFIER = "";
				SWIFT_VERSION = 4.2;
				TARGETED_DEVICE_FAMILY = "1,2";
			};
			name = Debug;
		};
		AD20781721FC48DD00CEF3B6 /* Release */ = {
			isa = XCBuildConfiguration;
			buildSettings = {
				ASSETCATALOG_COMPILER_APPICON_NAME = AppIcon;
				CODE_SIGN_IDENTITY = "iPhone Developer";
				CODE_SIGN_STYLE = Automatic;
				DEVELOPMENT_TEAM = "";
				INFOPLIST_FILE = Elf/Info.plist;
				LD_RUNPATH_SEARCH_PATHS = (
					"$(inherited)",
					"@executable_path/Frameworks",
				);
				PRODUCT_BUNDLE_IDENTIFIER = silvermoon.Elf;
				PRODUCT_NAME = "$(TARGET_NAME)";
				PROVISIONING_PROFILE_SPECIFIER = "";
				SWIFT_VERSION = 4.2;
				TARGETED_DEVICE_FAMILY = "1,2";
			};
			name = Release;
		};
/* End XCBuildConfiguration section */

/* Begin XCConfigurationList section */
		AD2077FE21FC48DB00CEF3B6 /* Build configuration list for PBXProject "Elf" */ = {
			isa = XCConfigurationList;
			buildConfigurations = (
				AD20781321FC48DD00CEF3B6 /* Debug */,
				AD20781421FC48DD00CEF3B6 /* Release */,
			);
			defaultConfigurationIsVisible = 0;
			defaultConfigurationName = Release;
		};
		AD20781521FC48DD00CEF3B6 /* Build configuration list for PBXNativeTarget "Elf" */ = {
			isa = XCConfigurationList;
			buildConfigurations = (
				AD20781621FC48DD00CEF3B6 /* Debug */,
				AD20781721FC48DD00CEF3B6 /* Release */,
			);
			defaultConfigurationIsVisible = 0;
			defaultConfigurationName = Release;
		};
/* End XCConfigurationList section */
	};
	rootObject = AD2077FB21FC48DB00CEF3B6 /* Project object */;
}
